
Microsoft Visual Studio Solution File, Format Version 12.00
# Visual Studio Version 16
VisualStudioVersion = 16.0.29230.47
MinimumVisualStudioVersion = 10.0.40219.1
Project("{9A19103F-16F7-4668-BE54-9A1E7A4F7556}") = "DanClarkeBlog.Core.Tests", "DanClarkeBlog.Core.Tests\DanClarkeBlog.Core.Tests.csproj", "{111E72ED-3338-4221-91F6-2006F7CBADD0}"
EndProject
Project("{9A19103F-16F7-4668-BE54-9A1E7A4F7556}") = "DanClarkeBlog.Web", "DanClarkeBlog.Web\DanClarkeBlog.Web.csproj", "{A8BB302E-A4FC-4E68-9529-968A60F62D5C}"
EndProject
Project("{9A19103F-16F7-4668-BE54-9A1E7A4F7556}") = "DanClarkeBlog.Core", "DanClarkeBlog.Core\DanClarkeBlog.Core.csproj", "{3A893FAB-AA1F-45A2-AF1D-28321F29839C}"
EndProject
Project("{FAE04EC0-301F-11D3-BF4B-00C04F79EFBC}") = "DanClarkeBlog.Worker", "DanClarkeBlog.Worker\DanClarkeBlog.Worker.csproj", "{BE923441-0452-46E3-8C2B-8E14EE2B89D1}"
EndProject
Global
	GlobalSection(SolutionConfigurationPlatforms) = preSolution
		Debug|Any CPU = Debug|Any CPU
		Release|Any CPU = Release|Any CPU
	EndGlobalSection
	GlobalSection(ProjectConfigurationPlatforms) = postSolution
		{111E72ED-3338-4221-91F6-2006F7CBADD0}.Debug|Any CPU.ActiveCfg = Debug|Any CPU
		{111E72ED-3338-4221-91F6-2006F7CBADD0}.Debug|Any CPU.Build.0 = Debug|Any CPU
		{111E72ED-3338-4221-91F6-2006F7CBADD0}.Release|Any CPU.ActiveCfg = Release|Any CPU
		{111E72ED-3338-4221-91F6-2006F7CBADD0}.Release|Any CPU.Build.0 = Release|Any CPU
		{A8BB302E-A4FC-4E68-9529-968A60F62D5C}.Debug|Any CPU.ActiveCfg = Debug|Any CPU
		{A8BB302E-A4FC-4E68-9529-968A60F62D5C}.Debug|Any CPU.Build.0 = Debug|Any CPU
		{A8BB302E-A4FC-4E68-9529-968A60F62D5C}.Release|Any CPU.ActiveCfg = Release|Any CPU
		{A8BB302E-A4FC-4E68-9529-968A60F62D5C}.Release|Any CPU.Build.0 = Release|Any CPU
		{3A893FAB-AA1F-45A2-AF1D-28321F29839C}.Debug|Any CPU.ActiveCfg = Debug|Any CPU
		{3A893FAB-AA1F-45A2-AF1D-28321F29839C}.Debug|Any CPU.Build.0 = Debug|Any CPU
		{3A893FAB-AA1F-45A2-AF1D-28321F29839C}.Release|Any CPU.ActiveCfg = Release|Any CPU
		{3A893FAB-AA1F-45A2-AF1D-28321F29839C}.Release|Any CPU.Build.0 = Release|Any CPU
		{BE923441-0452-46E3-8C2B-8E14EE2B89D1}.Debug|Any CPU.ActiveCfg = Debug|Any CPU
		{BE923441-0452-46E3-8C2B-8E14EE2B89D1}.Debug|Any CPU.Build.0 = Debug|Any CPU
		{BE923441-0452-46E3-8C2B-8E14EE2B89D1}.Release|Any CPU.ActiveCfg = Release|Any CPU
		{BE923441-0452-46E3-8C2B-8E14EE2B89D1}.Release|Any CPU.Build.0 = Release|Any CPU
	EndGlobalSection
	GlobalSection(SolutionProperties) = preSolution
		HideSolutionNode = FALSE
	EndGlobalSection
	GlobalSection(ExtensibilityGlobals) = postSolution
		SolutionGuid = {451649AF-B91A-4A12-820F-5095C8F86861}
	EndGlobalSection
EndGlobal
