
Microsoft Visual Studio Solution File, Format Version 12.00
# Visual Studio 15
VisualStudioVersion = 15.0.26403.7
MinimumVisualStudioVersion = 10.0.40219.1
Project("{9A19103F-16F7-4668-BE54-9A1E7A4F7556}") = "DanClarkeBlog.Web", "DanClarkeBlog.Web\DanClarkeBlog.Web.csproj", "{C2AC090A-57D7-49DE-8E8F-278CA13022B2}"
EndProject
Project("{9A19103F-16F7-4668-BE54-9A1E7A4F7556}") = "DanClarkeBlog.Core", "DanClarkeBlog.Core\DanClarkeBlog.Core.csproj", "{CC675CD9-5AD5-4D9E-8782-2431C227E099}"
EndProject
Project("{9A19103F-16F7-4668-BE54-9A1E7A4F7556}") = "DanClarkeBlog.Core.Tests", "DanClarkeBlog.Core.Tests\DanClarkeBlog.Core.Tests.csproj", "{51C31B74-41C6-4647-8217-3C9AD7739340}"
EndProject
Project("{FAE04EC0-301F-11D3-BF4B-00C04F79EFBC}") = "DanClarkeBlog.Functions", "DanClarkeBlog.Functions\DanClarkeBlog.Functions.csproj", "{FC3BD756-DB75-4BF6-A7DA-BFC2B30ADDB4}"
EndProject
Global
	GlobalSection(SolutionConfigurationPlatforms) = preSolution
		Debug|Any CPU = Debug|Any CPU
		Release|Any CPU = Release|Any CPU
	EndGlobalSection
	GlobalSection(ProjectConfigurationPlatforms) = postSolution
		{C2AC090A-57D7-49DE-8E8F-278CA13022B2}.Debug|Any CPU.ActiveCfg = Debug|Any CPU
		{C2AC090A-57D7-49DE-8E8F-278CA13022B2}.Debug|Any CPU.Build.0 = Debug|Any CPU
		{C2AC090A-57D7-49DE-8E8F-278CA13022B2}.Release|Any CPU.ActiveCfg = Release|Any CPU
		{C2AC090A-57D7-49DE-8E8F-278CA13022B2}.Release|Any CPU.Build.0 = Release|Any CPU
		{CC675CD9-5AD5-4D9E-8782-2431C227E099}.Debug|Any CPU.ActiveCfg = Debug|Any CPU
		{CC675CD9-5AD5-4D9E-8782-2431C227E099}.Debug|Any CPU.Build.0 = Debug|Any CPU
		{CC675CD9-5AD5-4D9E-8782-2431C227E099}.Release|Any CPU.ActiveCfg = Release|Any CPU
		{CC675CD9-5AD5-4D9E-8782-2431C227E099}.Release|Any CPU.Build.0 = Release|Any CPU
		{51C31B74-41C6-4647-8217-3C9AD7739340}.Debug|Any CPU.ActiveCfg = Debug|Any CPU
		{51C31B74-41C6-4647-8217-3C9AD7739340}.Debug|Any CPU.Build.0 = Debug|Any CPU
		{51C31B74-41C6-4647-8217-3C9AD7739340}.Release|Any CPU.ActiveCfg = Release|Any CPU
		{51C31B74-41C6-4647-8217-3C9AD7739340}.Release|Any CPU.Build.0 = Release|Any CPU
		{FC3BD756-DB75-4BF6-A7DA-BFC2B30ADDB4}.Debug|Any CPU.ActiveCfg = Debug|Any CPU
		{FC3BD756-DB75-4BF6-A7DA-BFC2B30ADDB4}.Debug|Any CPU.Build.0 = Debug|Any CPU
		{FC3BD756-DB75-4BF6-A7DA-BFC2B30ADDB4}.Release|Any CPU.ActiveCfg = Release|Any CPU
		{FC3BD756-DB75-4BF6-A7DA-BFC2B30ADDB4}.Release|Any CPU.Build.0 = Release|Any CPU
	EndGlobalSection
	GlobalSection(SolutionProperties) = preSolution
		HideSolutionNode = FALSE
	EndGlobalSection
EndGlobal
