
Microsoft Visual Studio Solution File, Format Version 12.00
# Visual Studio 14
VisualStudioVersion = 14.0.25420.1
MinimumVisualStudioVersion = 10.0.40219.1
Project("{8BB2217D-0F2D-49D1-97BC-3654ED321F3B}") = "DanClarkeBlog", "DanClarkeBlog.xproj", "{5429B30D-C2DD-4097-B22A-6E21304E8D65}"
EndProject
Project("{8BB2217D-0F2D-49D1-97BC-3654ED321F3B}") = "DanClarkeBlog.Core", "DanClarkeBlog.Core\DanClarkeBlog.Core.xproj", "{2736CC7B-5E9B-4DBF-89EB-1CBE5ECC8E1E}"
EndProject
Project("{2150E333-8FDC-42A3-9474-1A3956D46DE8}") = "Solution Items", "Solution Items", "{8CEF8AFD-28C8-432C-A787-5319778B3437}"
	ProjectSection(SolutionItems) = preProject
		..\global.json = ..\global.json
	EndProjectSection
EndProject
Global
	GlobalSection(SolutionConfigurationPlatforms) = preSolution
		Debug|Any CPU = Debug|Any CPU
		Release|Any CPU = Release|Any CPU
	EndGlobalSection
	GlobalSection(ProjectConfigurationPlatforms) = postSolution
		{5429B30D-C2DD-4097-B22A-6E21304E8D65}.Debug|Any CPU.ActiveCfg = Debug|Any CPU
		{5429B30D-C2DD-4097-B22A-6E21304E8D65}.Debug|Any CPU.Build.0 = Debug|Any CPU
		{5429B30D-C2DD-4097-B22A-6E21304E8D65}.Release|Any CPU.ActiveCfg = Release|Any CPU
		{5429B30D-C2DD-4097-B22A-6E21304E8D65}.Release|Any CPU.Build.0 = Release|Any CPU
		{2736CC7B-5E9B-4DBF-89EB-1CBE5ECC8E1E}.Debug|Any CPU.ActiveCfg = Debug|Any CPU
		{2736CC7B-5E9B-4DBF-89EB-1CBE5ECC8E1E}.Debug|Any CPU.Build.0 = Debug|Any CPU
		{2736CC7B-5E9B-4DBF-89EB-1CBE5ECC8E1E}.Release|Any CPU.ActiveCfg = Release|Any CPU
		{2736CC7B-5E9B-4DBF-89EB-1CBE5ECC8E1E}.Release|Any CPU.Build.0 = Release|Any CPU
	EndGlobalSection
	GlobalSection(SolutionProperties) = preSolution
		HideSolutionNode = FALSE
	EndGlobalSection
EndGlobal
